{
  "nodes": {
    "home-manager": {
      "inputs": {
        "nixpkgs": [
          "stable-nixpkgs"
        ]
      },
      "locked": {
        "lastModified": 1765859973,
        "narHash": "sha256-LN5O0h9GSgcDE/sz4+sLS3CbQALru1x4lh9hrxpeHwI=",
        "owner": "nix-community",
        "repo": "home-manager",
        "rev": "7df150f0d3857cf68dae443813b27acfb201b2d8",
        "type": "github"
      },
      "original": {
        "owner": "nix-community",
        "ref": "release-25.11",
        "repo": "home-manager",
        "type": "github"
      }
    },
    "nixlib": {
      "locked": {
        "lastModified": 1736643958,
        "narHash": "sha256-tmpqTSWVRJVhpvfSN9KXBvKEXplrwKnSZNAoNPf/S/s=",
        "owner": "nix-community",
        "repo": "nixpkgs.lib",
        "rev": "1418bc28a52126761c02dd3d89b2d8ca0f521181",
        "type": "github"
      },
      "original": {
        "owner": "nix-community",
        "repo": "nixpkgs.lib",
        "type": "github"
      }
    },
    "nixos-generators": {
      "inputs": {
        "nixlib": "nixlib",
        "nixpkgs": [
          "stable-nixpkgs"
        ]
      },
      "locked": {
        "lastModified": 1764234087,
        "narHash": "sha256-NHF7QWa0ZPT8hsJrvijREW3+nifmF2rTXgS2v0tpcEA=",
        "owner": "nix-community",
        "repo": "nixos-generators",
        "rev": "032a1878682fafe829edfcf5fdfad635a2efe748",
        "type": "github"
      },
      "original": {
        "owner": "nix-community",
        "repo": "nixos-generators",
        "type": "github"
      }
    },
    "nixpkgs": {
      "locked": {
        "lastModified": 1765457389,
        "narHash": "sha256-ddhDtNYvleZeYF7g7TRFSmuQuZh7HCgqstg5YBGwo5s=",
        "owner": "NixOS",
        "repo": "nixpkgs",
        "rev": "f997fa0f94fb1ce55bccb97f60d41412ae8fde4c",
        "type": "github"
      },
      "original": {
        "owner": "NixOS",
        "ref": "nixpkgs-unstable",
        "repo": "nixpkgs",
        "type": "github"
      }
    },
    "root": {
      "inputs": {
        "home-manager": "home-manager",
        "nixos-generators": "nixos-generators",
        "sops-nix": "sops-nix",
        "stable-nixpkgs": "stable-nixpkgs",
        "unstable-nixpkgs": "unstable-nixpkgs"
      }
    },
    "sops-nix": {
      "inputs": {
        "nixpkgs": "nixpkgs"
      },
      "locked": {
        "lastModified": 1765836173,
        "narHash": "sha256-hWRYfdH2ONI7HXbqZqW8Q1y9IRbnXWvtvt/ONZovSNY=",
        "owner": "Mic92",
        "repo": "sops-nix",
        "rev": "443a7f2e7e118c4fc63b7fae05ab3080dd0e5c63",
        "type": "github"
      },
      "original": {
        "owner": "Mic92",
        "repo": "sops-nix",
        "type": "github"
      }
    },
    "stable-nixpkgs": {
      "locked": {
        "lastModified": 1765762245,
        "narHash": "sha256-3iXM/zTqEskWtmZs3gqNiVtRTsEjYAedIaLL0mSBsrk=",
        "owner": "nixos",
        "repo": "nixpkgs",
        "rev": "c8cfcd6ccd422e41cc631a0b73ed4d5a925c393d",
        "type": "github"
      },
      "original": {
        "owner": "nixos",
        "ref": "nixos-25.11",
        "repo": "nixpkgs",
        "type": "github"
      }
    },
    "unstable-nixpkgs": {
      "locked": {
        "lastModified": 1765779637,
        "narHash": "sha256-KJ2wa/BLSrTqDjbfyNx70ov/HdgNBCBBSQP3BIzKnv4=",
        "owner": "nixos",
        "repo": "nixpkgs",
        "rev": "1306659b587dc277866c7b69eb97e5f07864d8c4",
        "type": "github"
      },
      "original": {
        "owner": "nixos",
        "ref": "nixos-unstable",
        "repo": "nixpkgs",
        "type": "github"
      }
    }
  },
  "root": "root",
  "version": 7
}
